// !$*UTF8*$!
{
	archiveVersion = 1;
	classes = {
	};
	objectVersion = 77;
	objects = {

/* Begin PBXBuildFile section */
		D6F700292F4CA47F008078BC /* Privacy.md in Resources */ = {isa = PBXBuildFile; fileRef = D6F700282F4CA47F008078BC /* Privacy.md */; };
		D6F7002B2F4CA578008078BC /* README.md in Resources */ = {isa = PBXBuildFile; fileRef = D6F7002A2F4CA578008078BC /* README.md */; };
/* End PBXBuildFile section */

/* Begin PBXContainerItemProxy section */
		D6212C3F2DF36DA20018A09C /* PBXContainerItemProxy */ = {
			isa = PBXContainerItemProxy;
			containerPortal = D6212C292DF36DA00018A09C /* Project object */;
			proxyType = 1;
			remoteGlobalIDString = D6212C302DF36DA00018A09C;
			remoteInfo = Wendl;
		};
		D6212C492DF36DA20018A09C /* PBXContainerItemProxy */ = {
			isa = PBXContainerItemProxy;
			containerPortal = D6212C292DF36DA00018A09C /* Project object */;
			proxyType = 1;
			remoteGlobalIDString = D6212C302DF36DA00018A09C;
			remoteInfo = Wendl;
		};
/* End PBXContainerItemProxy section */

/* Begin PBXFileReference section */
		D6212C312DF36DA00018A09C /* Wendl.app */ = {isa = PBXFileReference; explicitFileType = wrapper.application; includeInIndex = 0; path = Wendl.app; sourceTree = BUILT_PRODUCTS_DIR; };
		D6212C3E2DF36DA20018A09C /* WendlTests.xctest */ = {isa = PBXFileReference; explicitFileType = wrapper.cfbundle; includeInIndex = 0; path = WendlTests.xctest; sourceTree = BUILT_PRODUCTS_DIR; };
		D6212C482DF36DA20018A09C /* WendlUITests.xctest */ = {isa = PBXFileReference; explicitFileType = wrapper.cfbundle; includeInIndex = 0; path = WendlUITests.xctest; sourceTree = BUILT_PRODUCTS_DIR; };
		D6F700282F4CA47F008078BC /* Privacy.md */ = {isa = PBXFileReference; lastKnownFileType = net.daringfireball.markdown; path = Privacy.md; sourceTree = "<group>"; };
		D6F7002A2F4CA578008078BC /* README.md */ = {isa = PBXFileReference; lastKnownFileType = net.daringfireball.markdown; path = README.md; sourceTree = "<group>"; };
/* End PBXFileReference section */

/* Begin PBXFileSystemSynchronizedBuildFileExceptionSet section */
		D6212C632DF376490018A09C /* Exceptions for "Wendl" folder in "Wendl" target */ = {
			isa = PBXFileSystemSynchronizedBuildFileExceptionSet;
			membershipExceptions = (
				Info.plist,
			);
			target = D6212C302DF36DA00018A09C /* Wendl */;
		};
/* End PBXFileSystemSynchronizedBuildFileExceptionSet section */

/* Begin PBXFileSystemSynchronizedRootGroup section */
		D6212C332DF36DA00018A09C /* Wendl */ = {
			isa = PBXFileSystemSynchronizedRootGroup;
			exceptions = (
				D6212C632DF376490018A09C /* Exceptions for "Wendl" folder in "Wendl" target */,
			);
			path = Wendl;
			sourceTree = "<group>";
		};
		D6212C412DF36DA20018A09C /* WendlTests */ = {
			isa = PBXFileSystemSynchronizedRootGroup;
			path = WendlTests;
			sourceTree = "<group>";
		};
		D6212C4B2DF36DA20018A09C /* WendlUITests */ = {
			isa = PBXFileSystemSynchronizedRootGroup;
			path = WendlUITests;
			sourceTree = "<group>";
		};
/* End PBXFileSystemSynchronizedRootGroup section */

/* Begin PBXFrameworksBuildPhase section */
		D6212C2E2DF36DA00018A09C /* Frameworks */ = {
			isa = PBXFrameworksBuildPhase;
			buildActionMask = 2147483647;
			files = (
			);
			runOnlyForDeploymentPostprocessing = 0;
		};
		D6212C3B2DF36DA20018A09C /* Frameworks */ = {
			isa = PBXFrameworksBuildPhase;
			buildActionMask = 2147483647;
			files = (
			);
			runOnlyForDeploymentPostprocessing = 0;
		};
		D6212C452DF36DA20018A09C /* Frameworks */ = {
			isa = PBXFrameworksBuildPhase;
			buildActionMask = 2147483647;
			files = (
			);
			runOnlyForDeploymentPostprocessing = 0;
		};
/* End PBXFrameworksBuildPhase section */

/* Begin PBXGroup section */
		D6212C282DF36DA00018A09C = {
			isa = PBXGroup;
			children = (
				D6F7002A2F4CA578008078BC /* README.md */,
				D6F700282F4CA47F008078BC /* Privacy.md */,
				D6212C332DF36DA00018A09C /* Wendl */,
				D6212C412DF36DA20018A09C /* WendlTests */,
				D6212C4B2DF36DA20018A09C /* WendlUITests */,
				D6212C322DF36DA00018A09C /* Products */,
			);
			sourceTree = "<group>";
		};
		D6212C322DF36DA00018A09C /* Products */ = {
			isa = PBXGroup;
			children = (
				D6212C312DF36DA00018A09C /* Wendl.app */,
				D6212C3E2DF36DA20018A09C /* WendlTests.xctest */,
				D6212C482DF36DA20018A09C /* WendlUITests.xctest */,
			);
			name = Products;
			sourceTree = "<group>";
		};
/* End PBXGroup section */

/* Begin PBXNativeTarget section */
		D6212C302DF36DA00018A09C /* Wendl */ = {
			isa = PBXNativeTarget;
			buildConfigurationList = D6212C522DF36DA20018A09C /* Build configuration list for PBXNativeTarget "Wendl" */;
			buildPhases = (
				D6212C2D2DF36DA00018A09C /* Sources */,
				D6212C2E2DF36DA00018A09C /* Frameworks */,
				D6212C2F2DF36DA00018A09C /* Resources */,
			);
			buildRules = (
			);
			dependencies = (
			);
			fileSystemSynchronizedGroups = (
				D6212C332DF36DA00018A09C /* Wendl */,
			);
			name = Wendl;
			packageProductDependencies = (
			);
			productName = Wendl;
			productReference = D6212C312DF36DA00018A09C /* Wendl.app */;
			productType = "com.apple.product-type.application";
		};
		D6212C3D2DF36DA20018A09C /* WendlTests */ = {
			isa = PBXNativeTarget;
			buildConfigurationList = D6212C552DF36DA20018A09C /* Build configuration list for PBXNativeTarget "WendlTests" */;
			buildPhases = (
				D6212C3A2DF36DA20018A09C /* Sources */,
				D6212C3B2DF36DA20018A09C /* Frameworks */,
				D6212C3C2DF36DA20018A09C /* Resources */,
			);
			buildRules = (
			);
			dependencies = (
				D6212C402DF36DA20018A09C /* PBXTargetDependency */,
			);
			fileSystemSynchronizedGroups = (
				D6212C412DF36DA20018A09C /* WendlTests */,
			);
			name = WendlTests;
			packageProductDependencies = (
			);
			productName = WendlTests;
			productReference = D6212C3E2DF36DA20018A09C /* WendlTests.xctest */;
			productType = "com.apple.product-type.bundle.unit-test";
		};
		D6212C472DF36DA20018A09C /* WendlUITests */ = {
			isa = PBXNativeTarget;
			buildConfigurationList = D6212C582DF36DA20018A09C /* Build configuration list for PBXNativeTarget "WendlUITests" */;
			buildPhases = (
				D6212C442DF36DA20018A09C /* Sources */,
				D6212C452DF36DA20018A09C /* Frameworks */,
				D6212C462DF36DA20018A09C /* Resources */,
			);
			buildRules = (
			);
			dependencies = (
				D6212C4A2DF36DA20018A09C /* PBXTargetDependency */,
			);
			fileSystemSynchronizedGroups = (
				D6212C4B2DF36DA20018A09C /* WendlUITests */,
			);
			name = WendlUITests;
			packageProductDependencies = (
			);
			productName = WendlUITests;
			productReference = D6212C482DF36DA20018A09C /* WendlUITests.xctest */;
			productType = "com.apple.product-type.bundle.ui-testing";
		};
/* End PBXNativeTarget section */

/* Begin PBXProject section */
		D6212C292DF36DA00018A09C /* Project object */ = {
			isa = PBXProject;
			attributes = {
				BuildIndependentTargetsInParallel = 1;
				LastSwiftUpdateCheck = 1640;
				LastUpgradeCheck = 1640;
				TargetAttributes = {
					D6212C302DF36DA00018A09C = {
						CreatedOnToolsVersion = 16.4;
					};
					D6212C3D2DF36DA20018A09C = {
						CreatedOnToolsVersion = 16.4;
						TestTargetID = D6212C302DF36DA00018A09C;
					};
					D6212C472DF36DA20018A09C = {
						CreatedOnToolsVersion = 16.4;
						TestTargetID = D6212C302DF36DA00018A09C;
					};
				};
			};
			buildConfigurationList = D6212C2C2DF36DA00018A09C /* Build configuration list for PBXProject "Wendl" */;
			developmentRegion = en;
			hasScannedForEncodings = 0;
			knownRegions = (
				en,
				Base,
			);
			mainGroup = D6212C282DF36DA00018A09C;
			minimizedProjectReferenceProxies = 1;
			preferredProjectObjectVersion = 77;
			productRefGroup = D6212C322DF36DA00018A09C /* Products */;
			projectDirPath = "";
			projectRoot = "";
			targets = (
				D6212C302DF36DA00018A09C /* Wendl */,
				D6212C3D2DF36DA20018A09C /* WendlTests */,
				D6212C472DF36DA20018A09C /* WendlUITests */,
			);
		};
/* End PBXProject section */

/* Begin PBXResourcesBuildPhase section */
		D6212C2F2DF36DA00018A09C /* Resources */ = {
			isa = PBXResourcesBuildPhase;
			buildActionMask = 2147483647;
			files = (
				D6F7002B2F4CA578008078BC /* README.md in Resources */,
				D6F700292F4CA47F008078BC /* Privacy.md in Resources */,
			);
			runOnlyForDeploymentPostprocessing = 0;
		};
		D6212C3C2DF36DA20018A09C /* Resources */ = {
			isa = PBXResourcesBuildPhase;
			buildActionMask = 2147483647;
			files = (
			);
			runOnlyForDeploymentPostprocessing = 0;
		};
		D6212C462DF36DA20018A09C /* Resources */ = {
			isa = PBXResourcesBuildPhase;
			buildActionMask = 2147483647;
			files = (
			);
			runOnlyForDeploymentPostprocessing = 0;
		};
/* End PBXResourcesBuildPhase section */

/* Begin PBXSourcesBuildPhase section */
		D6212C2D2DF36DA00018A09C /* Sources */ = {
			isa = PBXSourcesBuildPhase;
			buildActionMask = 2147483647;
			files = (
			);
			runOnlyForDeploymentPostprocessing = 0;
		};
		D6212C3A2DF36DA20018A09C /* Sources */ = {
			isa = PBXSourcesBuildPhase;
			buildActionMask = 2147483647;
			files = (
			);
			runOnlyForDeploymentPostprocessing = 0;
		};
		D6212C442DF36DA20018A09C /* Sources */ = {
			isa = PBXSourcesBuildPhase;
			buildActionMask = 2147483647;
			files = (
			);
			runOnlyForDeploymentPostprocessing = 0;
		};
/* End PBXSourcesBuildPhase section */

/* Begin PBXTargetDependency section */
		D6212C402DF36DA20018A09C /* PBXTargetDependency */ = {
			isa = PBXTargetDependency;
			target = D6212C302DF36DA00018A09C /* Wendl */;
			targetProxy = D6212C3F2DF36DA20018A09C /* PBXContainerItemProxy */;
		};
		D6212C4A2DF36DA20018A09C /* PBXTargetDependency */ = {
			isa = PBXTargetDependency;
			target = D6212C302DF36DA00018A09C /* Wendl */;
			targetProxy = D6212C492DF36DA20018A09C /* PBXContainerItemProxy */;
		};
/* End PBXTargetDependency section */

/* Begin XCBuildConfiguration section */
		D6212C502DF36DA20018A09C /* Debug */ = {
			isa = XCBuildConfiguration;
			buildSettings = {
				ALWAYS_SEARCH_USER_PATHS = NO;
				ASSETCATALOG_COMPILER_GENERATE_SWIFT_ASSET_SYMBOL_EXTENSIONS = YES;
				CLANG_ANALYZER_NONNULL = YES;
				CLANG_ANALYZER_NUMBER_OBJECT_CONVERSION = YES_AGGRESSIVE;
				CLANG_CXX_LANGUAGE_STANDARD = "gnu++20";
				CLANG_ENABLE_MODULES = YES;
				CLANG_ENABLE_OBJC_ARC = YES;
				CLANG_ENABLE_OBJC_WEAK = YES;
				CLANG_WARN_BLOCK_CAPTURE_AUTORELEASING = YES;
				CLANG_WARN_BOOL_CONVERSION = YES;
				CLANG_WARN_COMMA = YES;
				CLANG_WARN_CONSTANT_CONVERSION = YES;
				CLANG_WARN_DEPRECATED_OBJC_IMPLEMENTATIONS = YES;
				CLANG_WARN_DIRECT_OBJC_ISA_USAGE = YES_ERROR;
				CLANG_WARN_DOCUMENTATION_COMMENTS = YES;
				CLANG_WARN_EMPTY_BODY = YES;
				CLANG_WARN_ENUM_CONVERSION = YES;
				CLANG_WARN_INFINITE_RECURSION = YES;
				CLANG_WARN_INT_CONVERSION = YES;
				CLANG_WARN_NON_LITERAL_NULL_CONVERSION = YES;
				CLANG_WARN_OBJC_IMPLICIT_RETAIN_SELF = YES;
				CLANG_WARN_OBJC_LITERAL_CONVERSION = YES;
				CLANG_WARN_OBJC_ROOT_CLASS = YES_ERROR;
				CLANG_WARN_QUOTED_INCLUDE_IN_FRAMEWORK_HEADER = YES;
				CLANG_WARN_RANGE_LOOP_ANALYSIS = YES;
				CLANG_WARN_STRICT_PROTOTYPES = YES;
				CLANG_WARN_SUSPICIOUS_MOVE = YES;
				CLANG_WARN_UNGUARDED_AVAILABILITY = YES_AGGRESSIVE;
				CLANG_WARN_UNREACHABLE_CODE = YES;
				CLANG_WARN__DUPLICATE_METHOD_MATCH = YES;
				COPY_PHASE_STRIP = NO;
				DEBUG_INFORMATION_FORMAT = dwarf;
				ENABLE_STRICT_OBJC_MSGSEND = YES;
				ENABLE_TESTABILITY = YES;
				ENABLE_USER_SCRIPT_SANDBOXING = YES;
				GCC_C_LANGUAGE_STANDARD = gnu17;
				GCC_DYNAMIC_NO_PIC = NO;
				GCC_NO_COMMON_BLOCKS = YES;
				GCC_OPTIMIZATION_LEVEL = 0;
				GCC_PREPROCESSOR_DEFINITIONS = (
					"DEBUG=1",
					"$(inherited)",
				);
				GCC_WARN_64_TO_32_BIT_CONVERSION = YES;
				GCC_WARN_ABOUT_RETURN_TYPE = YES_ERROR;
				GCC_WARN_UNDECLARED_SELECTOR = YES;
				GCC_WARN_UNINITIALIZED_AUTOS = YES_AGGRESSIVE;
				GCC_WARN_UNUSED_FUNCTION = YES;
				GCC_WARN_UNUSED_VARIABLE = YES;
				IPHONEOS_DEPLOYMENT_TARGET = 18.5;
				LOCALIZATION_PREFERS_STRING_CATALOGS = YES;
				MTL_ENABLE_DEBUG_INFO = INCLUDE_SOURCE;
				MTL_FAST_MATH = YES;
				ONLY_ACTIVE_ARCH = YES;
				SDKROOT = iphoneos;
				SWIFT_ACTIVE_COMPILATION_CONDITIONS = "DEBUG $(inherited)";
				SWIFT_OPTIMIZATION_LEVEL = "-Onone";
			};
			name = Debug;
		};
		D6212C512DF36DA20018A09C /* Release */ = {
			isa = XCBuildConfiguration;
			buildSettings = {
				ALWAYS_SEARCH_USER_PATHS = NO;
				ASSETCATALOG_COMPILER_GENERATE_SWIFT_ASSET_SYMBOL_EXTENSIONS = YES;
				CLANG_ANALYZER_NONNULL = YES;
				CLANG_ANALYZER_NUMBER_OBJECT_CONVERSION = YES_AGGRESSIVE;
				CLANG_CXX_LANGUAGE_STANDARD = "gnu++20";
				CLANG_ENABLE_MODULES = YES;
				CLANG_ENABLE_OBJC_ARC = YES;
				CLANG_ENABLE_OBJC_WEAK = YES;
				CLANG_WARN_BLOCK_CAPTURE_AUTORELEASING = YES;
				CLANG_WARN_BOOL_CONVERSION = YES;
				CLANG_WARN_COMMA = YES;
				CLANG_WARN_CONSTANT_CONVERSION = YES;
				CLANG_WARN_DEPRECATED_OBJC_IMPLEMENTATIONS = YES;
				CLANG_WARN_DIRECT_OBJC_ISA_USAGE = YES_ERROR;
				CLANG_WARN_DOCUMENTATION_COMMENTS = YES;
				CLANG_WARN_EMPTY_BODY = YES;
				CLANG_WARN_ENUM_CONVERSION = YES;
				CLANG_WARN_INFINITE_RECURSION = YES;
				CLANG_WARN_INT_CONVERSION = YES;
				CLANG_WARN_NON_LITERAL_NULL_CONVERSION = YES;
				CLANG_WARN_OBJC_IMPLICIT_RETAIN_SELF = YES;
				CLANG_WARN_OBJC_LITERAL_CONVERSION = YES;
				CLANG_WARN_OBJC_ROOT_CLASS = YES_ERROR;
				CLANG_WARN_QUOTED_INCLUDE_IN_FRAMEWORK_HEADER = YES;
				CLANG_WARN_RANGE_LOOP_ANALYSIS = YES;
				CLANG_WARN_STRICT_PROTOTYPES = YES;
				CLANG_WARN_SUSPICIOUS_MOVE = YES;
				CLANG_WARN_UNGUARDED_AVAILABILITY = YES_AGGRESSIVE;
				CLANG_WARN_UNREACHABLE_CODE = YES;
				CLANG_WARN__DUPLICATE_METHOD_MATCH = YES;
				COPY_PHASE_STRIP = NO;
				DEBUG_INFORMATION_FORMAT = "dwarf-with-dsym";
				ENABLE_NS_ASSERTIONS = NO;
				ENABLE_STRICT_OBJC_MSGSEND = YES;
				ENABLE_USER_SCRIPT_SANDBOXING = YES;
				GCC_C_LANGUAGE_STANDARD = gnu17;
				GCC_NO_COMMON_BLOCKS = YES;
				GCC_WARN_64_TO_32_BIT_CONVERSION = YES;
				GCC_WARN_ABOUT_RETURN_TYPE = YES_ERROR;
				GCC_WARN_UNDECLARED_SELECTOR = YES;
				GCC_WARN_UNINITIALIZED_AUTOS = YES_AGGRESSIVE;
				GCC_WARN_UNUSED_FUNCTION = YES;
				GCC_WARN_UNUSED_VARIABLE = YES;
				IPHONEOS_DEPLOYMENT_TARGET = 18.5;
				LOCALIZATION_PREFERS_STRING_CATALOGS = YES;
				MTL_ENABLE_DEBUG_INFO = NO;
				MTL_FAST_MATH = YES;
				SDKROOT = iphoneos;
				SWIFT_COMPILATION_MODE = wholemodule;
				VALIDATE_PRODUCT = YES;
			};
			name = Release;
		};
		D6212C532DF36DA20018A09C /* Debug */ = {
			isa = XCBuildConfiguration;
			buildSettings = {
				ASSETCATALOG_COMPILER_APPICON_NAME = AppIcon;
				ASSETCATALOG_COMPILER_GLOBAL_ACCENT_COLOR_NAME = AccentColor;
				ASSETCATALOG_COMPILER_INCLUDE_ALL_APPICON_ASSETS = YES;
				CODE_SIGN_ENTITLEMENTS = Wendl/Wendl.entitlements;
				CODE_SIGN_STYLE = Automatic;
				CURRENT_PROJECT_VERSION = 1;
				DEVELOPMENT_TEAM = 3AX64GUR5C;
				ENABLE_PREVIEWS = YES;
				GENERATE_INFOPLIST_FILE = YES;
				INFOPLIST_FILE = Wendl/Info.plist;
				INFOPLIST_KEY_LSApplicationCategoryType = "";
				INFOPLIST_KEY_NSHealthClinicalHealthRecordsShareUsageDescription = "\"This app needs access to Apple Health in order to export weight data\"";
				INFOPLIST_KEY_NSHealthShareUsageDescription = "\"This app needs access to your step count to export it.\"";
				INFOPLIST_KEY_UIApplicationSceneManifest_Generation = YES;
				INFOPLIST_KEY_UIApplicationSupportsIndirectInputEvents = YES;
				INFOPLIST_KEY_UILaunchScreen_Generation = YES;
				INFOPLIST_KEY_UISupportedInterfaceOrientations_iPad = "UIInterfaceOrientationPortrait UIInterfaceOrientationPortraitUpsideDown UIInterfaceOrientationLandscapeLeft UIInterfaceOrientationLandscapeRight";
				INFOPLIST_KEY_UISupportedInterfaceOrientations_iPhone = "UIInterfaceOrientationPortrait UIInterfaceOrientationLandscapeLeft UIInterfaceOrientationLandscapeRight";
				LD_RUNPATH_SEARCH_PATHS = (
					"$(inherited)",
					"@executable_path/Frameworks",
				);
				MARKETING_VERSION = 1.0;
				PRODUCT_BUNDLE_IDENTIFIER = wendl.ch.Wendl;
				PRODUCT_NAME = "$(TARGET_NAME)";
				SWIFT_EMIT_LOC_STRINGS = YES;
				SWIFT_VERSION = 5.0;
				TARGETED_DEVICE_FAMILY = "1,2";
			};
			name = Debug;
		};
		D6212C542DF36DA20018A09C /* Release */ = {
			isa = XCBuildConfiguration;
			buildSettings = {
				ASSETCATALOG_COMPILER_APPICON_NAME = AppIcon;
				ASSETCATALOG_COMPILER_GLOBAL_ACCENT_COLOR_NAME = AccentColor;
				ASSETCATALOG_COMPILER_INCLUDE_ALL_APPICON_ASSETS = YES;
				CODE_SIGN_ENTITLEMENTS = Wendl/Wendl.entitlements;
				CODE_SIGN_STYLE = Automatic;
				CURRENT_PROJECT_VERSION = 1;
				DEVELOPMENT_TEAM = 3AX64GUR5C;
				ENABLE_PREVIEWS = YES;
				GENERATE_INFOPLIST_FILE = YES;
				INFOPLIST_FILE = Wendl/Info.plist;
				INFOPLIST_KEY_LSApplicationCategoryType = "";
				INFOPLIST_KEY_NSHealthClinicalHealthRecordsShareUsageDescription = "\"This app needs access to Apple Health in order to export weight data\"";
				INFOPLIST_KEY_NSHealthShareUsageDescription = "\"This app needs access to your step count to export it.\"";
				INFOPLIST_KEY_UIApplicationSceneManifest_Generation = YES;
				INFOPLIST_KEY_UIApplicationSupportsIndirectInputEvents = YES;
				INFOPLIST_KEY_UILaunchScreen_Generation = YES;
				INFOPLIST_KEY_UISupportedInterfaceOrientations_iPad = "UIInterfaceOrientationPortrait UIInterfaceOrientationPortraitUpsideDown UIInterfaceOrientationLandscapeLeft UIInterfaceOrientationLandscapeRight";
				INFOPLIST_KEY_UISupportedInterfaceOrientations_iPhone = "UIInterfaceOrientationPortrait UIInterfaceOrientationLandscapeLeft UIInterfaceOrientationLandscapeRight";
				LD_RUNPATH_SEARCH_PATHS = (
					"$(inherited)",
					"@executable_path/Frameworks",
				);
				MARKETING_VERSION = 1.0;
				PRODUCT_BUNDLE_IDENTIFIER = wendl.ch.Wendl;
				PRODUCT_NAME = "$(TARGET_NAME)";
				SWIFT_EMIT_LOC_STRINGS = YES;
				SWIFT_VERSION = 5.0;
				TARGETED_DEVICE_FAMILY = "1,2";
			};
			name = Release;
		};
		D6212C562DF36DA20018A09C /* Debug */ = {
			isa = XCBuildConfiguration;
			buildSettings = {
				BUNDLE_LOADER = "$(TEST_HOST)";
				CODE_SIGN_STYLE = Automatic;
				CURRENT_PROJECT_VERSION = 1;
				GENERATE_INFOPLIST_FILE = YES;
				IPHONEOS_DEPLOYMENT_TARGET = 18.5;
				MARKETING_VERSION = 1.0;
				PRODUCT_BUNDLE_IDENTIFIER = wendl.ch.WendlTests;
				PRODUCT_NAME = "$(TARGET_NAME)";
				SWIFT_EMIT_LOC_STRINGS = NO;
				SWIFT_VERSION = 5.0;
				TARGETED_DEVICE_FAMILY = "1,2";
				TEST_HOST = "$(BUILT_PRODUCTS_DIR)/Wendl.app/$(BUNDLE_EXECUTABLE_FOLDER_PATH)/Wendl";
			};
			name = Debug;
		};
		D6212C572DF36DA20018A09C /* Release */ = {
			isa = XCBuildConfiguration;
			buildSettings = {
				BUNDLE_LOADER = "$(TEST_HOST)";
				CODE_SIGN_STYLE = Automatic;
				CURRENT_PROJECT_VERSION = 1;
				GENERATE_INFOPLIST_FILE = YES;
				IPHONEOS_DEPLOYMENT_TARGET = 18.5;
				MARKETING_VERSION = 1.0;
				PRODUCT_BUNDLE_IDENTIFIER = wendl.ch.WendlTests;
				PRODUCT_NAME = "$(TARGET_NAME)";
				SWIFT_EMIT_LOC_STRINGS = NO;
				SWIFT_VERSION = 5.0;
				TARGETED_DEVICE_FAMILY = "1,2";
				TEST_HOST = "$(BUILT_PRODUCTS_DIR)/Wendl.app/$(BUNDLE_EXECUTABLE_FOLDER_PATH)/Wendl";
			};
			name = Release;
		};
		D6212C592DF36DA20018A09C /* Debug */ = {
			isa = XCBuildConfiguration;
			buildSettings = {
				CODE_SIGN_STYLE = Automatic;
				CURRENT_PROJECT_VERSION = 1;
				GENERATE_INFOPLIST_FILE = YES;
				MARKETING_VERSION = 1.0;
				PRODUCT_BUNDLE_IDENTIFIER = wendl.ch.WendlUITests;
				PRODUCT_NAME = "$(TARGET_NAME)";
				SWIFT_EMIT_LOC_STRINGS = NO;
				SWIFT_VERSION = 5.0;
				TARGETED_DEVICE_FAMILY = "1,2";
				TEST_TARGET_NAME = Wendl;
			};
			name = Debug;
		};
		D6212C5A2DF36DA20018A09C /* Release */ = {
			isa = XCBuildConfiguration;
			buildSettings = {
				CODE_SIGN_STYLE = Automatic;
				CURRENT_PROJECT_VERSION = 1;
				GENERATE_INFOPLIST_FILE = YES;
				MARKETING_VERSION = 1.0;
				PRODUCT_BUNDLE_IDENTIFIER = wendl.ch.WendlUITests;
				PRODUCT_NAME = "$(TARGET_NAME)";
				SWIFT_EMIT_LOC_STRINGS = NO;
				SWIFT_VERSION = 5.0;
				TARGETED_DEVICE_FAMILY = "1,2";
				TEST_TARGET_NAME = Wendl;
			};
			name = Release;
		};
/* End XCBuildConfiguration section */

/* Begin XCConfigurationList section */
		D6212C2C2DF36DA00018A09C /* Build configuration list for PBXProject "Wendl" */ = {
			isa = XCConfigurationList;
			buildConfigurations = (
				D6212C502DF36DA20018A09C /* Debug */,
				D6212C512DF36DA20018A09C /* Release */,
			);
			defaultConfigurationIsVisible = 0;
			defaultConfigurationName = Release;
		};
		D6212C522DF36DA20018A09C /* Build configuration list for PBXNativeTarget "Wendl" */ = {
			isa = XCConfigurationList;
			buildConfigurations = (
				D6212C532DF36DA20018A09C /* Debug */,
				D6212C542DF36DA20018A09C /* Release */,
			);
			defaultConfigurationIsVisible = 0;
			defaultConfigurationName = Release;
		};
		D6212C552DF36DA20018A09C /* Build configuration list for PBXNativeTarget "WendlTests" */ = {
			isa = XCConfigurationList;
			buildConfigurations = (
				D6212C562DF36DA20018A09C /* Debug */,
				D6212C572DF36DA20018A09C /* Release */,
			);
			defaultConfigurationIsVisible = 0;
			defaultConfigurationName = Release;
		};
		D6212C582DF36DA20018A09C /* Build configuration list for PBXNativeTarget "WendlUITests" */ = {
			isa = XCConfigurationList;
			buildConfigurations = (
				D6212C592DF36DA20018A09C /* Debug */,
				D6212C5A2DF36DA20018A09C /* Release */,
			);
			defaultConfigurationIsVisible = 0;
			defaultConfigurationName = Release;
		};
/* End XCConfigurationList section */
	};
	rootObject = D6212C292DF36DA00018A09C /* Project object */;
}
